
Microsoft Visual Studio Solution File, Format Version 12.00
# Visual Studio Version 17
VisualStudioVersion = 17.3.32901.215
MinimumVisualStudioVersion = 10.0.40219.1
Project("{FAE04EC0-301F-11D3-BF4B-00C04F79EFBC}") = "uygulama6", "uygulama6\uygulama6.csproj", "{15FDFDA0-1F99-41A2-B628-E555D3F87973}"
EndProject
Global
	GlobalSection(SolutionConfigurationPlatforms) = preSolution
		Debug|Any CPU = Debug|Any CPU
		Release|Any CPU = Release|Any CPU
	EndGlobalSection
	GlobalSection(ProjectConfigurationPlatforms) = postSolution
		{15FDFDA0-1F99-41A2-B628-E555D3F87973}.Debug|Any CPU.ActiveCfg = Debug|Any CPU
		{15FDFDA0-1F99-41A2-B628-E555D3F87973}.Debug|Any CPU.Build.0 = Debug|Any CPU
		{15FDFDA0-1F99-41A2-B628-E555D3F87973}.Release|Any CPU.ActiveCfg = Release|Any CPU
		{15FDFDA0-1F99-41A2-B628-E555D3F87973}.Release|Any CPU.Build.0 = Release|Any CPU
	EndGlobalSection
	GlobalSection(SolutionProperties) = preSolution
		HideSolutionNode = FALSE
	EndGlobalSection
	GlobalSection(ExtensibilityGlobals) = postSolution
		SolutionGuid = {F8BEE2DE-426D-4E4A-BC47-D9D81070341C}
	EndGlobalSection
EndGlobal
